// !$*UTF8*$!
{
	archiveVersion = 1;
	classes = {
	};
	objectVersion = 50;
	objects = {

/* Begin PBXBuildFile section */
		213FC81023A7BE0400155A76 /* ContestsViewController.swift in Sources */ = {isa = PBXBuildFile; fileRef = 213FC80F23A7BE0400155A76 /* ContestsViewController.swift */; };
		213FC81223A7C2A300155A76 /* ContestsPresenter.swift in Sources */ = {isa = PBXBuildFile; fileRef = 213FC81123A7C2A300155A76 /* ContestsPresenter.swift */; };
		213FC81623A7C8E200155A76 /* ContestsViewModel.swift in Sources */ = {isa = PBXBuildFile; fileRef = 213FC81523A7C8E200155A76 /* ContestsViewModel.swift */; };
		213FC81823A7EAA300155A76 /* Constants.swift in Sources */ = {isa = PBXBuildFile; fileRef = 213FC81723A7EAA300155A76 /* Constants.swift */; };
		213FC81A23A7EC1600155A76 /* Rank.swift in Sources */ = {isa = PBXBuildFile; fileRef = 213FC81923A7EC1600155A76 /* Rank.swift */; };
		217A8D1723A1562D00C5FD19 /* PeoplePresenter.swift in Sources */ = {isa = PBXBuildFile; fileRef = 217A8D1623A1562D00C5FD19 /* PeoplePresenter.swift */; };
		2193DA9B238C3B7B009143C8 /* AppDelegate.swift in Sources */ = {isa = PBXBuildFile; fileRef = 2193DA9A238C3B7B009143C8 /* AppDelegate.swift */; };
		2193DAA2238C3B7B009143C8 /* Main.storyboard in Resources */ = {isa = PBXBuildFile; fileRef = 2193DAA0238C3B7B009143C8 /* Main.storyboard */; };
		2193DAA4238C3B7F009143C8 /* Assets.xcassets in Resources */ = {isa = PBXBuildFile; fileRef = 2193DAA3238C3B7F009143C8 /* Assets.xcassets */; };
		2193DAA7238C3B7F009143C8 /* LaunchScreen.storyboard in Resources */ = {isa = PBXBuildFile; fileRef = 2193DAA5238C3B7F009143C8 /* LaunchScreen.storyboard */; };
		21960FE723AAA1AC00F36703 /* TableViewExtension.swift in Sources */ = {isa = PBXBuildFile; fileRef = 21960FE623AAA1AC00F36703 /* TableViewExtension.swift */; };
		21EE1E95239F81760060BFEF /* PeopleViewController.swift in Sources */ = {isa = PBXBuildFile; fileRef = 21EE1E94239F81760060BFEF /* PeopleViewController.swift */; };
		21EE1E97239F8EDC0060BFEF /* LoadServices.swift in Sources */ = {isa = PBXBuildFile; fileRef = 21EE1E96239F8EDC0060BFEF /* LoadServices.swift */; };
		21EE1E9D23A017510060BFEF /* UserViewController.swift in Sources */ = {isa = PBXBuildFile; fileRef = 21EE1E9C23A017510060BFEF /* UserViewController.swift */; };
		21EE1E9F23A0984D0060BFEF /* PeopleViewModel.swift in Sources */ = {isa = PBXBuildFile; fileRef = 21EE1E9E23A0984D0060BFEF /* PeopleViewModel.swift */; };
/* End PBXBuildFile section */

/* Begin PBXFileReference section */
		213FC80F23A7BE0400155A76 /* ContestsViewController.swift */ = {isa = PBXFileReference; lastKnownFileType = sourcecode.swift; path = ContestsViewController.swift; sourceTree = "<group>"; };
		213FC81123A7C2A300155A76 /* ContestsPresenter.swift */ = {isa = PBXFileReference; lastKnownFileType = sourcecode.swift; path = ContestsPresenter.swift; sourceTree = "<group>"; };
		213FC81523A7C8E200155A76 /* ContestsViewModel.swift */ = {isa = PBXFileReference; lastKnownFileType = sourcecode.swift; path = ContestsViewModel.swift; sourceTree = "<group>"; };
		213FC81723A7EAA300155A76 /* Constants.swift */ = {isa = PBXFileReference; lastKnownFileType = sourcecode.swift; path = Constants.swift; sourceTree = "<group>"; };
		213FC81923A7EC1600155A76 /* Rank.swift */ = {isa = PBXFileReference; lastKnownFileType = sourcecode.swift; path = Rank.swift; sourceTree = "<group>"; };
		217A8D1623A1562D00C5FD19 /* PeoplePresenter.swift */ = {isa = PBXFileReference; lastKnownFileType = sourcecode.swift; path = PeoplePresenter.swift; sourceTree = "<group>"; };
		2193DA97238C3B7B009143C8 /* newsGuess.app */ = {isa = PBXFileReference; explicitFileType = wrapper.application; includeInIndex = 0; path = newsGuess.app; sourceTree = BUILT_PRODUCTS_DIR; };
		2193DA9A238C3B7B009143C8 /* AppDelegate.swift */ = {isa = PBXFileReference; lastKnownFileType = sourcecode.swift; path = AppDelegate.swift; sourceTree = "<group>"; };
		2193DAA1238C3B7B009143C8 /* Base */ = {isa = PBXFileReference; lastKnownFileType = file.storyboard; name = Base; path = Base.lproj/Main.storyboard; sourceTree = "<group>"; };
		2193DAA3238C3B7F009143C8 /* Assets.xcassets */ = {isa = PBXFileReference; lastKnownFileType = folder.assetcatalog; path = Assets.xcassets; sourceTree = "<group>"; };
		2193DAA6238C3B7F009143C8 /* Base */ = {isa = PBXFileReference; lastKnownFileType = file.storyboard; name = Base; path = Base.lproj/LaunchScreen.storyboard; sourceTree = "<group>"; };
		2193DAA8238C3B7F009143C8 /* Info.plist */ = {isa = PBXFileReference; lastKnownFileType = text.plist.xml; path = Info.plist; sourceTree = "<group>"; };
		21960FE623AAA1AC00F36703 /* TableViewExtension.swift */ = {isa = PBXFileReference; lastKnownFileType = sourcecode.swift; path = TableViewExtension.swift; sourceTree = "<group>"; };
		21EE1E94239F81760060BFEF /* PeopleViewController.swift */ = {isa = PBXFileReference; lastKnownFileType = sourcecode.swift; path = PeopleViewController.swift; sourceTree = "<group>"; };
		21EE1E96239F8EDC0060BFEF /* LoadServices.swift */ = {isa = PBXFileReference; lastKnownFileType = sourcecode.swift; path = LoadServices.swift; sourceTree = "<group>"; };
		21EE1E9C23A017510060BFEF /* UserViewController.swift */ = {isa = PBXFileReference; lastKnownFileType = sourcecode.swift; path = UserViewController.swift; sourceTree = "<group>"; };
		21EE1E9E23A0984D0060BFEF /* PeopleViewModel.swift */ = {isa = PBXFileReference; lastKnownFileType = sourcecode.swift; path = PeopleViewModel.swift; sourceTree = "<group>"; };
/* End PBXFileReference section */

/* Begin PBXFrameworksBuildPhase section */
		2193DA94238C3B7B009143C8 /* Frameworks */ = {
			isa = PBXFrameworksBuildPhase;
			buildActionMask = 2147483647;
			files = (
			);
			runOnlyForDeploymentPostprocessing = 0;
		};
/* End PBXFrameworksBuildPhase section */

/* Begin PBXGroup section */
		217A8D1823A15FBE00C5FD19 /* ViewControllers */ = {
			isa = PBXGroup;
			children = (
				21EE1E94239F81760060BFEF /* PeopleViewController.swift */,
				21EE1E9C23A017510060BFEF /* UserViewController.swift */,
				213FC80F23A7BE0400155A76 /* ContestsViewController.swift */,
			);
			path = ViewControllers;
			sourceTree = "<group>";
		};
		217A8D1923A15FD200C5FD19 /* Model */ = {
			isa = PBXGroup;
			children = (
				21EE1E9E23A0984D0060BFEF /* PeopleViewModel.swift */,
				213FC81523A7C8E200155A76 /* ContestsViewModel.swift */,
				213FC81723A7EAA300155A76 /* Constants.swift */,
				213FC81923A7EC1600155A76 /* Rank.swift */,
			);
			path = Model;
			sourceTree = "<group>";
		};
		217A8D1A23A15FE200C5FD19 /* View */ = {
			isa = PBXGroup;
			children = (
				2193DAA0238C3B7B009143C8 /* Main.storyboard */,
				217A8D1623A1562D00C5FD19 /* PeoplePresenter.swift */,
				213FC81123A7C2A300155A76 /* ContestsPresenter.swift */,
				21960FE623AAA1AC00F36703 /* TableViewExtension.swift */,
			);
			path = View;
			sourceTree = "<group>";
		};
		2193DA8E238C3B7A009143C8 = {
			isa = PBXGroup;
			children = (
				2193DA99238C3B7B009143C8 /* newsGuess */,
				2193DA98238C3B7B009143C8 /* Products */,
			);
			sourceTree = "<group>";
		};
		2193DA98238C3B7B009143C8 /* Products */ = {
			isa = PBXGroup;
			children = (
				2193DA97238C3B7B009143C8 /* newsGuess.app */,
			);
			name = Products;
			sourceTree = "<group>";
		};
		2193DA99238C3B7B009143C8 /* newsGuess */ = {
			isa = PBXGroup;
			children = (
				2193DA9A238C3B7B009143C8 /* AppDelegate.swift */,
				217A8D1923A15FD200C5FD19 /* Model */,
				217A8D1A23A15FE200C5FD19 /* View */,
				217A8D1823A15FBE00C5FD19 /* ViewControllers */,
				21EE1E96239F8EDC0060BFEF /* LoadServices.swift */,
				2193DAA8238C3B7F009143C8 /* Info.plist */,
				2193DAA5238C3B7F009143C8 /* LaunchScreen.storyboard */,
				2193DAA3238C3B7F009143C8 /* Assets.xcassets */,
			);
			path = newsGuess;
			sourceTree = "<group>";
		};
/* End PBXGroup section */

/* Begin PBXNativeTarget section */
		2193DA96238C3B7B009143C8 /* newsGuess */ = {
			isa = PBXNativeTarget;
			buildConfigurationList = 2193DAAB238C3B7F009143C8 /* Build configuration list for PBXNativeTarget "newsGuess" */;
			buildPhases = (
				2193DA93238C3B7B009143C8 /* Sources */,
				2193DA94238C3B7B009143C8 /* Frameworks */,
				2193DA95238C3B7B009143C8 /* Resources */,
			);
			buildRules = (
			);
			dependencies = (
			);
			name = newsGuess;
			productName = newsGuess;
			productReference = 2193DA97238C3B7B009143C8 /* newsGuess.app */;
			productType = "com.apple.product-type.application";
		};
/* End PBXNativeTarget section */

/* Begin PBXProject section */
		2193DA8F238C3B7A009143C8 /* Project object */ = {
			isa = PBXProject;
			attributes = {
				LastSwiftUpdateCheck = 1110;
				LastUpgradeCheck = 1110;
				ORGANIZATIONNAME = "Никита Максаковский";
				TargetAttributes = {
					2193DA96238C3B7B009143C8 = {
						CreatedOnToolsVersion = 11.1;
					};
				};
			};
			buildConfigurationList = 2193DA92238C3B7A009143C8 /* Build configuration list for PBXProject "newsGuess" */;
			compatibilityVersion = "Xcode 9.3";
			developmentRegion = en;
			hasScannedForEncodings = 0;
			knownRegions = (
				en,
				Base,
			);
			mainGroup = 2193DA8E238C3B7A009143C8;
			productRefGroup = 2193DA98238C3B7B009143C8 /* Products */;
			projectDirPath = "";
			projectRoot = "";
			targets = (
				2193DA96238C3B7B009143C8 /* newsGuess */,
			);
		};
/* End PBXProject section */

/* Begin PBXResourcesBuildPhase section */
		2193DA95238C3B7B009143C8 /* Resources */ = {
			isa = PBXResourcesBuildPhase;
			buildActionMask = 2147483647;
			files = (
				2193DAA7238C3B7F009143C8 /* LaunchScreen.storyboard in Resources */,
				2193DAA4238C3B7F009143C8 /* Assets.xcassets in Resources */,
				2193DAA2238C3B7B009143C8 /* Main.storyboard in Resources */,
			);
			runOnlyForDeploymentPostprocessing = 0;
		};
/* End PBXResourcesBuildPhase section */

/* Begin PBXSourcesBuildPhase section */
		2193DA93238C3B7B009143C8 /* Sources */ = {
			isa = PBXSourcesBuildPhase;
			buildActionMask = 2147483647;
			files = (
				21EE1E95239F81760060BFEF /* PeopleViewController.swift in Sources */,
				213FC81A23A7EC1600155A76 /* Rank.swift in Sources */,
				21960FE723AAA1AC00F36703 /* TableViewExtension.swift in Sources */,
				21EE1E9D23A017510060BFEF /* UserViewController.swift in Sources */,
				2193DA9B238C3B7B009143C8 /* AppDelegate.swift in Sources */,
				213FC81623A7C8E200155A76 /* ContestsViewModel.swift in Sources */,
				21EE1E9F23A0984D0060BFEF /* PeopleViewModel.swift in Sources */,
				213FC81823A7EAA300155A76 /* Constants.swift in Sources */,
				21EE1E97239F8EDC0060BFEF /* LoadServices.swift in Sources */,
				213FC81223A7C2A300155A76 /* ContestsPresenter.swift in Sources */,
				213FC81023A7BE0400155A76 /* ContestsViewController.swift in Sources */,
				217A8D1723A1562D00C5FD19 /* PeoplePresenter.swift in Sources */,
			);
			runOnlyForDeploymentPostprocessing = 0;
		};
/* End PBXSourcesBuildPhase section */

/* Begin PBXVariantGroup section */
		2193DAA0238C3B7B009143C8 /* Main.storyboard */ = {
			isa = PBXVariantGroup;
			children = (
				2193DAA1238C3B7B009143C8 /* Base */,
			);
			name = Main.storyboard;
			sourceTree = "<group>";
		};
		2193DAA5238C3B7F009143C8 /* LaunchScreen.storyboard */ = {
			isa = PBXVariantGroup;
			children = (
				2193DAA6238C3B7F009143C8 /* Base */,
			);
			name = LaunchScreen.storyboard;
			sourceTree = "<group>";
		};
/* End PBXVariantGroup section */

/* Begin XCBuildConfiguration section */
		2193DAA9238C3B7F009143C8 /* Debug */ = {
			isa = XCBuildConfiguration;
			buildSettings = {
				ALWAYS_SEARCH_USER_PATHS = NO;
				CLANG_ANALYZER_NONNULL = YES;
				CLANG_ANALYZER_NUMBER_OBJECT_CONVERSION = YES_AGGRESSIVE;
				CLANG_CXX_LANGUAGE_STANDARD = "gnu++14";
				CLANG_CXX_LIBRARY = "libc++";
				CLANG_ENABLE_MODULES = YES;
				CLANG_ENABLE_OBJC_ARC = YES;
				CLANG_ENABLE_OBJC_WEAK = YES;
				CLANG_WARN_BLOCK_CAPTURE_AUTORELEASING = YES;
				CLANG_WARN_BOOL_CONVERSION = YES;
				CLANG_WARN_COMMA = YES;
				CLANG_WARN_CONSTANT_CONVERSION = YES;
				CLANG_WARN_DEPRECATED_OBJC_IMPLEMENTATIONS = YES;
				CLANG_WARN_DIRECT_OBJC_ISA_USAGE = YES_ERROR;
				CLANG_WARN_DOCUMENTATION_COMMENTS = YES;
				CLANG_WARN_EMPTY_BODY = YES;
				CLANG_WARN_ENUM_CONVERSION = YES;
				CLANG_WARN_INFINITE_RECURSION = YES;
				CLANG_WARN_INT_CONVERSION = YES;
				CLANG_WARN_NON_LITERAL_NULL_CONVERSION = YES;
				CLANG_WARN_OBJC_IMPLICIT_RETAIN_SELF = YES;
				CLANG_WARN_OBJC_LITERAL_CONVERSION = YES;
				CLANG_WARN_OBJC_ROOT_CLASS = YES_ERROR;
				CLANG_WARN_RANGE_LOOP_ANALYSIS = YES;
				CLANG_WARN_STRICT_PROTOTYPES = YES;
				CLANG_WARN_SUSPICIOUS_MOVE = YES;
				CLANG_WARN_UNGUARDED_AVAILABILITY = YES_AGGRESSIVE;
				CLANG_WARN_UNREACHABLE_CODE = YES;
				CLANG_WARN__DUPLICATE_METHOD_MATCH = YES;
				COPY_PHASE_STRIP = NO;
				DEBUG_INFORMATION_FORMAT = dwarf;
				ENABLE_STRICT_OBJC_MSGSEND = YES;
				ENABLE_TESTABILITY = YES;
				GCC_C_LANGUAGE_STANDARD = gnu11;
				GCC_DYNAMIC_NO_PIC = NO;
				GCC_NO_COMMON_BLOCKS = YES;
				GCC_OPTIMIZATION_LEVEL = 0;
				GCC_PREPROCESSOR_DEFINITIONS = (
					"DEBUG=1",
					"$(inherited)",
				);
				GCC_WARN_64_TO_32_BIT_CONVERSION = YES;
				GCC_WARN_ABOUT_RETURN_TYPE = YES_ERROR;
				GCC_WARN_UNDECLARED_SELECTOR = YES;
				GCC_WARN_UNINITIALIZED_AUTOS = YES_AGGRESSIVE;
				GCC_WARN_UNUSED_FUNCTION = YES;
				GCC_WARN_UNUSED_VARIABLE = YES;
				IPHONEOS_DEPLOYMENT_TARGET = 13.1;
				MTL_ENABLE_DEBUG_INFO = INCLUDE_SOURCE;
				MTL_FAST_MATH = YES;
				ONLY_ACTIVE_ARCH = YES;
				SDKROOT = iphoneos;
				SWIFT_ACTIVE_COMPILATION_CONDITIONS = DEBUG;
				SWIFT_OPTIMIZATION_LEVEL = "-Onone";
			};
			name = Debug;
		};
		2193DAAA238C3B7F009143C8 /* Release */ = {
			isa = XCBuildConfiguration;
			buildSettings = {
				ALWAYS_SEARCH_USER_PATHS = NO;
				CLANG_ANALYZER_NONNULL = YES;
				CLANG_ANALYZER_NUMBER_OBJECT_CONVERSION = YES_AGGRESSIVE;
				CLANG_CXX_LANGUAGE_STANDARD = "gnu++14";
				CLANG_CXX_LIBRARY = "libc++";
				CLANG_ENABLE_MODULES = YES;
				CLANG_ENABLE_OBJC_ARC = YES;
				CLANG_ENABLE_OBJC_WEAK = YES;
				CLANG_WARN_BLOCK_CAPTURE_AUTORELEASING = YES;
				CLANG_WARN_BOOL_CONVERSION = YES;
				CLANG_WARN_COMMA = YES;
				CLANG_WARN_CONSTANT_CONVERSION = YES;
				CLANG_WARN_DEPRECATED_OBJC_IMPLEMENTATIONS = YES;
				CLANG_WARN_DIRECT_OBJC_ISA_USAGE = YES_ERROR;
				CLANG_WARN_DOCUMENTATION_COMMENTS = YES;
				CLANG_WARN_EMPTY_BODY = YES;
				CLANG_WARN_ENUM_CONVERSION = YES;
				CLANG_WARN_INFINITE_RECURSION = YES;
				CLANG_WARN_INT_CONVERSION = YES;
				CLANG_WARN_NON_LITERAL_NULL_CONVERSION = YES;
				CLANG_WARN_OBJC_IMPLICIT_RETAIN_SELF = YES;
				CLANG_WARN_OBJC_LITERAL_CONVERSION = YES;
				CLANG_WARN_OBJC_ROOT_CLASS = YES_ERROR;
				CLANG_WARN_RANGE_LOOP_ANALYSIS = YES;
				CLANG_WARN_STRICT_PROTOTYPES = YES;
				CLANG_WARN_SUSPICIOUS_MOVE = YES;
				CLANG_WARN_UNGUARDED_AVAILABILITY = YES_AGGRESSIVE;
				CLANG_WARN_UNREACHABLE_CODE = YES;
				CLANG_WARN__DUPLICATE_METHOD_MATCH = YES;
				COPY_PHASE_STRIP = NO;
				DEBUG_INFORMATION_FORMAT = "dwarf-with-dsym";
				ENABLE_NS_ASSERTIONS = NO;
				ENABLE_STRICT_OBJC_MSGSEND = YES;
				GCC_C_LANGUAGE_STANDARD = gnu11;
				GCC_NO_COMMON_BLOCKS = YES;
				GCC_WARN_64_TO_32_BIT_CONVERSION = YES;
				GCC_WARN_ABOUT_RETURN_TYPE = YES_ERROR;
				GCC_WARN_UNDECLARED_SELECTOR = YES;
				GCC_WARN_UNINITIALIZED_AUTOS = YES_AGGRESSIVE;
				GCC_WARN_UNUSED_FUNCTION = YES;
				GCC_WARN_UNUSED_VARIABLE = YES;
				IPHONEOS_DEPLOYMENT_TARGET = 13.1;
				MTL_ENABLE_DEBUG_INFO = NO;
				MTL_FAST_MATH = YES;
				SDKROOT = iphoneos;
				SWIFT_COMPILATION_MODE = wholemodule;
				SWIFT_OPTIMIZATION_LEVEL = "-O";
				VALIDATE_PRODUCT = YES;
			};
			name = Release;
		};
		2193DAAC238C3B7F009143C8 /* Debug */ = {
			isa = XCBuildConfiguration;
			buildSettings = {
				ASSETCATALOG_COMPILER_APPICON_NAME = AppIcon;
				CODE_SIGN_STYLE = Automatic;
				DEVELOPMENT_TEAM = MK626ZQ2M4;
				INFOPLIST_FILE = newsGuess/Info.plist;
				IPHONEOS_DEPLOYMENT_TARGET = 13.1;
				LD_RUNPATH_SEARCH_PATHS = (
					"$(inherited)",
					"@executable_path/Frameworks",
				);
				PRODUCT_BUNDLE_IDENTIFIER = someId.newsGuess123;
				PRODUCT_NAME = "$(TARGET_NAME)";
				SWIFT_VERSION = 5.0;
				TARGETED_DEVICE_FAMILY = "1,2";
			};
			name = Debug;
		};
		2193DAAD238C3B7F009143C8 /* Release */ = {
			isa = XCBuildConfiguration;
			buildSettings = {
				ASSETCATALOG_COMPILER_APPICON_NAME = AppIcon;
				CODE_SIGN_STYLE = Automatic;
				DEVELOPMENT_TEAM = MK626ZQ2M4;
				INFOPLIST_FILE = newsGuess/Info.plist;
				IPHONEOS_DEPLOYMENT_TARGET = 13.1;
				LD_RUNPATH_SEARCH_PATHS = (
					"$(inherited)",
					"@executable_path/Frameworks",
				);
				PRODUCT_BUNDLE_IDENTIFIER = someId.newsGuess123;
				PRODUCT_NAME = "$(TARGET_NAME)";
				SWIFT_VERSION = 5.0;
				TARGETED_DEVICE_FAMILY = "1,2";
			};
			name = Release;
		};
/* End XCBuildConfiguration section */

/* Begin XCConfigurationList section */
		2193DA92238C3B7A009143C8 /* Build configuration list for PBXProject "newsGuess" */ = {
			isa = XCConfigurationList;
			buildConfigurations = (
				2193DAA9238C3B7F009143C8 /* Debug */,
				2193DAAA238C3B7F009143C8 /* Release */,
			);
			defaultConfigurationIsVisible = 0;
			defaultConfigurationName = Release;
		};
		2193DAAB238C3B7F009143C8 /* Build configuration list for PBXNativeTarget "newsGuess" */ = {
			isa = XCConfigurationList;
			buildConfigurations = (
				2193DAAC238C3B7F009143C8 /* Debug */,
				2193DAAD238C3B7F009143C8 /* Release */,
			);
			defaultConfigurationIsVisible = 0;
			defaultConfigurationName = Release;
		};
/* End XCConfigurationList section */
	};
	rootObject = 2193DA8F238C3B7A009143C8 /* Project object */;
}
